
Microsoft Visual Studio Solution File, Format Version 12.00
# Visual Studio Version 17
VisualStudioVersion = 17.14.36603.0 d17.14
MinimumVisualStudioVersion = 10.0.40219.1
Project("{FAE04EC0-301F-11D3-BF4B-00C04F79EFBC}") = "MvcStok", "MvcStok\MvcStok.csproj", "{FA28030C-2A71-45D1-AA6C-06ED1B6F99DC}"
EndProject
Global
	GlobalSection(SolutionConfigurationPlatforms) = preSolution
		Debug|Any CPU = Debug|Any CPU
		Release|Any CPU = Release|Any CPU
	EndGlobalSection
	GlobalSection(ProjectConfigurationPlatforms) = postSolution
		{FA28030C-2A71-45D1-AA6C-06ED1B6F99DC}.Debug|Any CPU.ActiveCfg = Debug|Any CPU
		{FA28030C-2A71-45D1-AA6C-06ED1B6F99DC}.Debug|Any CPU.Build.0 = Debug|Any CPU
		{FA28030C-2A71-45D1-AA6C-06ED1B6F99DC}.Release|Any CPU.ActiveCfg = Release|Any CPU
		{FA28030C-2A71-45D1-AA6C-06ED1B6F99DC}.Release|Any CPU.Build.0 = Release|Any CPU
	EndGlobalSection
	GlobalSection(SolutionProperties) = preSolution
		HideSolutionNode = FALSE
	EndGlobalSection
	GlobalSection(ExtensibilityGlobals) = postSolution
		SolutionGuid = {EF06CE47-2FC6-4101-BC74-5146E5ABEACF}
	EndGlobalSection
EndGlobal
